Microsoft Visual Studio Solution File, Format Version 12.00
# Visual Studio Version 18
VisualStudioVersion = 18.2.11430.68
MinimumVisualStudioVersion = 10.0.40219.1
Project("{FAE04EC0-301F-11D3-BF4B-00C04F79EFBC}") = "FiniteStateMachinesToPetriNetsLspServer", "lsp\FiniteStateMachinesToPetriNetsLspServer.csproj", "{7B0CE4DE-4AA6-4D37-8AE5-669536219A82}"
EndProject
Project("{FAE04EC0-301F-11D3-BF4B-00C04F79EFBC}") = "Benchmark", "benchmark\Benchmark.csproj", "{140AB2E2-3003-4C71-AD70-74856CAD6665}"
EndProject
Global
	GlobalSection(SolutionConfigurationPlatforms) = preSolution
		Debug|Any CPU = Debug|Any CPU
		Release|Any CPU = Release|Any CPU
	EndGlobalSection
	GlobalSection(ProjectConfigurationPlatforms) = postSolution
		{7B0CE4DE-4AA6-4D37-8AE5-669536219A82}.Debug|Any CPU.ActiveCfg = Debug|Any CPU
		{7B0CE4DE-4AA6-4D37-8AE5-669536219A82}.Debug|Any CPU.Build.0 = Debug|Any CPU
		{7B0CE4DE-4AA6-4D37-8AE5-669536219A82}.Release|Any CPU.ActiveCfg = Release|Any CPU
		{7B0CE4DE-4AA6-4D37-8AE5-669536219A82}.Release|Any CPU.Build.0 = Release|Any CPU
		{140AB2E2-3003-4C71-AD70-74856CAD6665}.Debug|Any CPU.ActiveCfg = Debug|Any CPU
		{140AB2E2-3003-4C71-AD70-74856CAD6665}.Debug|Any CPU.Build.0 = Debug|Any CPU
		{140AB2E2-3003-4C71-AD70-74856CAD6665}.Release|Any CPU.ActiveCfg = Release|Any CPU
		{140AB2E2-3003-4C71-AD70-74856CAD6665}.Release|Any CPU.Build.0 = Release|Any CPU
	EndGlobalSection
	GlobalSection(SolutionProperties) = preSolution
		HideSolutionNode = FALSE
	EndGlobalSection
	GlobalSection(ExtensibilityGlobals) = postSolution
		SolutionGuid = {3A669EFB-CD0D-46D1-8967-F2608A54E48F}
	EndGlobalSection
EndGlobal
